// !$*UTF8*$!
{
	archiveVersion = 1;
	classes = {
	};
	objectVersion = 56;
	objects = {

/* Begin PBXBuildFile section */
		47B5A4EC2AF1776500C16F16 /* AppDelegate.swift in Sources */ = {isa = PBXBuildFile; fileRef = 47B5A4EB2AF1776500C16F16 /* AppDelegate.swift */; };
		47B5A4EE2AF1776500C16F16 /* SceneDelegate.swift in Sources */ = {isa = PBXBuildFile; fileRef = 47B5A4ED2AF1776500C16F16 /* SceneDelegate.swift */; };
		47B5A4F02AF1776500C16F16 /* ViewController.swift in Sources */ = {isa = PBXBuildFile; fileRef = 47B5A4EF2AF1776500C16F16 /* ViewController.swift */; };
		47B5A4F32AF1776500C16F16 /* Main.storyboard in Resources */ = {isa = PBXBuildFile; fileRef = 47B5A4F12AF1776500C16F16 /* Main.storyboard */; };
		47B5A4F52AF1776700C16F16 /* Assets.xcassets in Resources */ = {isa = PBXBuildFile; fileRef = 47B5A4F42AF1776700C16F16 /* Assets.xcassets */; };
		47B5A4F82AF1776700C16F16 /* LaunchScreen.storyboard in Resources */ = {isa = PBXBuildFile; fileRef = 47B5A4F62AF1776700C16F16 /* LaunchScreen.storyboard */; };
		47B5A5032AF1776700C16F16 /* Fetch_Recipe_TakehomeTests.swift in Sources */ = {isa = PBXBuildFile; fileRef = 47B5A5022AF1776700C16F16 /* Fetch_Recipe_TakehomeTests.swift */; };
		47B5A50D2AF1776700C16F16 /* Fetch_Recipe_TakehomeUITests.swift in Sources */ = {isa = PBXBuildFile; fileRef = 47B5A50C2AF1776700C16F16 /* Fetch_Recipe_TakehomeUITests.swift */; };
		47B5A50F2AF1776700C16F16 /* Fetch_Recipe_TakehomeUITestsLaunchTests.swift in Sources */ = {isa = PBXBuildFile; fileRef = 47B5A50E2AF1776700C16F16 /* Fetch_Recipe_TakehomeUITestsLaunchTests.swift */; };
		47B5A51D2AF1788100C16F16 /* FTVStack.swift in Sources */ = {isa = PBXBuildFile; fileRef = 47B5A51C2AF1788100C16F16 /* FTVStack.swift */; };
		47B5A51F2AF1790000C16F16 /* FTHStack.swift in Sources */ = {isa = PBXBuildFile; fileRef = 47B5A51E2AF1790000C16F16 /* FTHStack.swift */; };
		47B5A5212AF1792C00C16F16 /* FTStackView.swift in Sources */ = {isa = PBXBuildFile; fileRef = 47B5A5202AF1792C00C16F16 /* FTStackView.swift */; };
		47B5A5242AF1796C00C16F16 /* SnapKit in Frameworks */ = {isa = PBXBuildFile; productRef = 47B5A5232AF1796C00C16F16 /* SnapKit */; };
		47B5A5262AF179AB00C16F16 /* FTViewableProtocol.swift in Sources */ = {isa = PBXBuildFile; fileRef = 47B5A5252AF179AB00C16F16 /* FTViewableProtocol.swift */; };
		47B5A52A2AF17C4100C16F16 /* FTHScrollStack.swift in Sources */ = {isa = PBXBuildFile; fileRef = 47B5A5292AF17C4100C16F16 /* FTHScrollStack.swift */; };
		47B5A52C2AF17C4F00C16F16 /* FTVScrollStack.swift in Sources */ = {isa = PBXBuildFile; fileRef = 47B5A52B2AF17C4F00C16F16 /* FTVScrollStack.swift */; };
		47B5A52E2AF17C6100C16F16 /* FTScrollStackView.swift in Sources */ = {isa = PBXBuildFile; fileRef = 47B5A52D2AF17C6100C16F16 /* FTScrollStackView.swift */; };
		47B5A5302AF17EFC00C16F16 /* FTLabel.swift in Sources */ = {isa = PBXBuildFile; fileRef = 47B5A52F2AF17EFC00C16F16 /* FTLabel.swift */; };
		47B5A5322AF17F7F00C16F16 /* FTButton.swift in Sources */ = {isa = PBXBuildFile; fileRef = 47B5A5312AF17F7F00C16F16 /* FTButton.swift */; };
		47B5A5342AF1808A00C16F16 /* FTToggleButton.swift in Sources */ = {isa = PBXBuildFile; fileRef = 47B5A5332AF1808A00C16F16 /* FTToggleButton.swift */; };
		47B5A5382AF1977300C16F16 /* FTFeedViewController.swift in Sources */ = {isa = PBXBuildFile; fileRef = 47B5A5372AF1977300C16F16 /* FTFeedViewController.swift */; };
		47B5A53C2AF1981100C16F16 /* FTFeedHeaderFilterBarComponent.swift in Sources */ = {isa = PBXBuildFile; fileRef = 47B5A53B2AF1981100C16F16 /* FTFeedHeaderFilterBarComponent.swift */; };
		47B5A53E2AF1987500C16F16 /* FTFeedHeaderFilterBarItemComponent.swift in Sources */ = {isa = PBXBuildFile; fileRef = 47B5A53D2AF1987500C16F16 /* FTFeedHeaderFilterBarItemComponent.swift */; };
		47B5A5402AF1990C00C16F16 /* FTColorPalette.swift in Sources */ = {isa = PBXBuildFile; fileRef = 47B5A53F2AF1990C00C16F16 /* FTColorPalette.swift */; };
		47B5A5432AF19EE100C16F16 /* FTFeedRecipeTableComponent.swift in Sources */ = {isa = PBXBuildFile; fileRef = 47B5A5422AF19EE100C16F16 /* FTFeedRecipeTableComponent.swift */; };
		47B5A5462AF19FF300C16F16 /* FTFeedRecipeTableCellComponent.swift in Sources */ = {isa = PBXBuildFile; fileRef = 47B5A5452AF19FF300C16F16 /* FTFeedRecipeTableCellComponent.swift */; };
		47B5A5482AF1A1B700C16F16 /* FTFeedRecipeTableCellTagsComponent.swift in Sources */ = {isa = PBXBuildFile; fileRef = 47B5A5472AF1A1B700C16F16 /* FTFeedRecipeTableCellTagsComponent.swift */; };
		47B5A54A2AF1AB8500C16F16 /* FTFeedInfoComponent.swift in Sources */ = {isa = PBXBuildFile; fileRef = 47B5A5492AF1AB8500C16F16 /* FTFeedInfoComponent.swift */; };
		47B5A54C2AF1ABEA00C16F16 /* FTAttributedString.swift in Sources */ = {isa = PBXBuildFile; fileRef = 47B5A54B2AF1ABEA00C16F16 /* FTAttributedString.swift */; };
		47B5A54E2AF1C4DB00C16F16 /* FTFeedHeaderComponent.swift in Sources */ = {isa = PBXBuildFile; fileRef = 47B5A54D2AF1C4DB00C16F16 /* FTFeedHeaderComponent.swift */; };
		47B5A5512AF1C60900C16F16 /* FTRecipeCardViewController.swift in Sources */ = {isa = PBXBuildFile; fileRef = 47B5A5502AF1C60900C16F16 /* FTRecipeCardViewController.swift */; };
		47B5A5542AF1C71400C16F16 /* UIView+ParentViewController.swift in Sources */ = {isa = PBXBuildFile; fileRef = 47B5A5532AF1C71400C16F16 /* UIView+ParentViewController.swift */; };
		47B5A5562AF1C7AF00C16F16 /* FTRecipeCardImageBackgroundComponent.swift in Sources */ = {isa = PBXBuildFile; fileRef = 47B5A5552AF1C7AF00C16F16 /* FTRecipeCardImageBackgroundComponent.swift */; };
		47B5A55A2AF1C99F00C16F16 /* FTFormatter.swift in Sources */ = {isa = PBXBuildFile; fileRef = 47B5A5592AF1C99F00C16F16 /* FTFormatter.swift */; };
		47B5A55C2AF1D65B00C16F16 /* FTRecipeCardTitleComponent.swift in Sources */ = {isa = PBXBuildFile; fileRef = 47B5A55B2AF1D65B00C16F16 /* FTRecipeCardTitleComponent.swift */; };
		47B5A55E2AF1D8D300C16F16 /* FTRecipeCardIngredientComponent.swift in Sources */ = {isa = PBXBuildFile; fileRef = 47B5A55D2AF1D8D300C16F16 /* FTRecipeCardIngredientComponent.swift */; };
		47B5A5612AF1D95700C16F16 /* FTRecipeCardIngredientItemComponent.swift in Sources */ = {isa = PBXBuildFile; fileRef = 47B5A5602AF1D95700C16F16 /* FTRecipeCardIngredientItemComponent.swift */; };
		47B5A5632AF1D96300C16F16 /* FTRecipeCardIngredientItemCheckmarkComponent.swift in Sources */ = {isa = PBXBuildFile; fileRef = 47B5A5622AF1D96300C16F16 /* FTRecipeCardIngredientItemCheckmarkComponent.swift */; };
		47B5A5652AF1DAF700C16F16 /* FTSymbol.swift in Sources */ = {isa = PBXBuildFile; fileRef = 47B5A5642AF1DAF700C16F16 /* FTSymbol.swift */; };
		47B5A5682AF1DF3D00C16F16 /* FTRecipeCardStepComponent.swift in Sources */ = {isa = PBXBuildFile; fileRef = 47B5A5672AF1DF3D00C16F16 /* FTRecipeCardStepComponent.swift */; };
		47B5A56A2AF1DF6600C16F16 /* FTRecipeCardStepItemComponent.swift in Sources */ = {isa = PBXBuildFile; fileRef = 47B5A5692AF1DF6600C16F16 /* FTRecipeCardStepItemComponent.swift */; };
		47B5A56C2AF1E1C400C16F16 /* FTRecipeCardScrollComponent.swift in Sources */ = {isa = PBXBuildFile; fileRef = 47B5A56B2AF1E1C400C16F16 /* FTRecipeCardScrollComponent.swift */; };
		47B5A56E2AF1FA9B00C16F16 /* FTImageView.swift in Sources */ = {isa = PBXBuildFile; fileRef = 47B5A56D2AF1FA9B00C16F16 /* FTImageView.swift */; };
		47B5A5712AF1FDF500C16F16 /* FTRecipeCardBackNavBarComponent.swift in Sources */ = {isa = PBXBuildFile; fileRef = 47B5A5702AF1FDF500C16F16 /* FTRecipeCardBackNavBarComponent.swift */; };
		47B5A5742AF2019B00C16F16 /* FTRecipeCardScrollDelegate.swift in Sources */ = {isa = PBXBuildFile; fileRef = 47B5A5732AF2019B00C16F16 /* FTRecipeCardScrollDelegate.swift */; };
		47B5A5762AF2D94B00C16F16 /* FTMulticastDelegate.swift in Sources */ = {isa = PBXBuildFile; fileRef = 47B5A5752AF2D94B00C16F16 /* FTMulticastDelegate.swift */; };
		47B5A5782AF2DCEE00C16F16 /* FTRecipeCardTitleDelegate.swift in Sources */ = {isa = PBXBuildFile; fileRef = 47B5A5772AF2DCEE00C16F16 /* FTRecipeCardTitleDelegate.swift */; };
		47B5A57B2AF2EBCE00C16F16 /* Alamofire in Frameworks */ = {isa = PBXBuildFile; productRef = 47B5A57A2AF2EBCE00C16F16 /* Alamofire */; };
		47B5A57E2AF2ECC100C16F16 /* FTNetworking.swift in Sources */ = {isa = PBXBuildFile; fileRef = 47B5A57D2AF2ECC100C16F16 /* FTNetworking.swift */; };
		47B5A5822AF2F16000C16F16 /* FTFeedHeaderFilterBarModel.swift in Sources */ = {isa = PBXBuildFile; fileRef = 47B5A5812AF2F16000C16F16 /* FTFeedHeaderFilterBarModel.swift */; };
		47B5A5852AF2F3C600C16F16 /* FTCategory.swift in Sources */ = {isa = PBXBuildFile; fileRef = 47B5A5842AF2F3C600C16F16 /* FTCategory.swift */; };
		47B5A5872AF30A2700C16F16 /* FTFeedHeaderFilterBarItemModel.swift in Sources */ = {isa = PBXBuildFile; fileRef = 47B5A5862AF30A2700C16F16 /* FTFeedHeaderFilterBarItemModel.swift */; };
		47B5A5892AF30E3300C16F16 /* FTFeedRecipeTableModel.swift in Sources */ = {isa = PBXBuildFile; fileRef = 47B5A5882AF30E3300C16F16 /* FTFeedRecipeTableModel.swift */; };
		47B5A58B2AF312AE00C16F16 /* FTRecipeOverview.swift in Sources */ = {isa = PBXBuildFile; fileRef = 47B5A58A2AF312AE00C16F16 /* FTRecipeOverview.swift */; };
		47B5A58D2AF312B800C16F16 /* FTRecipe.swift in Sources */ = {isa = PBXBuildFile; fileRef = 47B5A58C2AF312B800C16F16 /* FTRecipe.swift */; };
		47B5A58F2AF3147A00C16F16 /* FTInstruction.swift in Sources */ = {isa = PBXBuildFile; fileRef = 47B5A58E2AF3147A00C16F16 /* FTInstruction.swift */; };
		47B5A5912AF3148B00C16F16 /* FTIngredient.swift in Sources */ = {isa = PBXBuildFile; fileRef = 47B5A5902AF3148B00C16F16 /* FTIngredient.swift */; };
		47B5A5932AF314B100C16F16 /* FTTag.swift in Sources */ = {isa = PBXBuildFile; fileRef = 47B5A5922AF314B100C16F16 /* FTTag.swift */; };
		47B5A5952AF31F5C00C16F16 /* FTFeedRecipeTableCellModel.swift in Sources */ = {isa = PBXBuildFile; fileRef = 47B5A5942AF31F5C00C16F16 /* FTFeedRecipeTableCellModel.swift */; };
		47B5A5972AF324D300C16F16 /* FTFeedRecipeTableCellTagsModel.swift in Sources */ = {isa = PBXBuildFile; fileRef = 47B5A5962AF324D300C16F16 /* FTFeedRecipeTableCellTagsModel.swift */; };
		47B5A5992AF3271600C16F16 /* FTFeedRecipeTableCellTagItemComponent.swift in Sources */ = {isa = PBXBuildFile; fileRef = 47B5A5982AF3271600C16F16 /* FTFeedRecipeTableCellTagItemComponent.swift */; };
		47B5A59C2AF33BC500C16F16 /* FTRecipeCardTitleModel.swift in Sources */ = {isa = PBXBuildFile; fileRef = 47B5A59B2AF33BC500C16F16 /* FTRecipeCardTitleModel.swift */; };
		47B5A59E2AF33BEC00C16F16 /* FTRecipeCardImageBackgroundModel.swift in Sources */ = {isa = PBXBuildFile; fileRef = 47B5A59D2AF33BEC00C16F16 /* FTRecipeCardImageBackgroundModel.swift */; };
		47B5A5A02AF33C0700C16F16 /* FTRecipeCardViewControllerModel.swift in Sources */ = {isa = PBXBuildFile; fileRef = 47B5A59F2AF33C0700C16F16 /* FTRecipeCardViewControllerModel.swift */; };
		47B5A5A22AF33C2100C16F16 /* FTRecipeCardScrollModel.swift in Sources */ = {isa = PBXBuildFile; fileRef = 47B5A5A12AF33C2100C16F16 /* FTRecipeCardScrollModel.swift */; };
		47B5A5A42AF33C5600C16F16 /* FTRecipeCardIngredientItemModel.swift in Sources */ = {isa = PBXBuildFile; fileRef = 47B5A5A32AF33C5600C16F16 /* FTRecipeCardIngredientItemModel.swift */; };
		47B5A5A62AF33C6400C16F16 /* FTRecipeCardIngredientsModel.swift in Sources */ = {isa = PBXBuildFile; fileRef = 47B5A5A52AF33C6400C16F16 /* FTRecipeCardIngredientsModel.swift */; };
		47B5A5A82AF33C7000C16F16 /* FTRecipeCardInstructionItemModel.swift in Sources */ = {isa = PBXBuildFile; fileRef = 47B5A5A72AF33C7000C16F16 /* FTRecipeCardInstructionItemModel.swift */; };
		47B5A5AA2AF33C7C00C16F16 /* FTRecipeCardInstructionsModel.swift in Sources */ = {isa = PBXBuildFile; fileRef = 47B5A5A92AF33C7C00C16F16 /* FTRecipeCardInstructionsModel.swift */; };
/* End PBXBuildFile section */

/* Begin PBXContainerItemProxy section */
		47B5A4FF2AF1776700C16F16 /* PBXContainerItemProxy */ = {
			isa = PBXContainerItemProxy;
			containerPortal = 47B5A4E02AF1776500C16F16 /* Project object */;
			proxyType = 1;
			remoteGlobalIDString = 47B5A4E72AF1776500C16F16;
			remoteInfo = "Fetch-Recipe-Takehome";
		};
		47B5A5092AF1776700C16F16 /* PBXContainerItemProxy */ = {
			isa = PBXContainerItemProxy;
			containerPortal = 47B5A4E02AF1776500C16F16 /* Project object */;
			proxyType = 1;
			remoteGlobalIDString = 47B5A4E72AF1776500C16F16;
			remoteInfo = "Fetch-Recipe-Takehome";
		};
/* End PBXContainerItemProxy section */

/* Begin PBXFileReference section */
		47B5A4E82AF1776500C16F16 /* Fetch-Recipe-Takehome.app */ = {isa = PBXFileReference; explicitFileType = wrapper.application; includeInIndex = 0; path = "Fetch-Recipe-Takehome.app"; sourceTree = BUILT_PRODUCTS_DIR; };
		47B5A4EB2AF1776500C16F16 /* AppDelegate.swift */ = {isa = PBXFileReference; lastKnownFileType = sourcecode.swift; path = AppDelegate.swift; sourceTree = "<group>"; };
		47B5A4ED2AF1776500C16F16 /* SceneDelegate.swift */ = {isa = PBXFileReference; lastKnownFileType = sourcecode.swift; path = SceneDelegate.swift; sourceTree = "<group>"; };
		47B5A4EF2AF1776500C16F16 /* ViewController.swift */ = {isa = PBXFileReference; lastKnownFileType = sourcecode.swift; path = ViewController.swift; sourceTree = "<group>"; };
		47B5A4F22AF1776500C16F16 /* Base */ = {isa = PBXFileReference; lastKnownFileType = file.storyboard; name = Base; path = Base.lproj/Main.storyboard; sourceTree = "<group>"; };
		47B5A4F42AF1776700C16F16 /* Assets.xcassets */ = {isa = PBXFileReference; lastKnownFileType = folder.assetcatalog; path = Assets.xcassets; sourceTree = "<group>"; };
		47B5A4F72AF1776700C16F16 /* Base */ = {isa = PBXFileReference; lastKnownFileType = file.storyboard; name = Base; path = Base.lproj/LaunchScreen.storyboard; sourceTree = "<group>"; };
		47B5A4F92AF1776700C16F16 /* Info.plist */ = {isa = PBXFileReference; lastKnownFileType = text.plist.xml; path = Info.plist; sourceTree = "<group>"; };
		47B5A4FE2AF1776700C16F16 /* Fetch-Recipe-TakehomeTests.xctest */ = {isa = PBXFileReference; explicitFileType = wrapper.cfbundle; includeInIndex = 0; path = "Fetch-Recipe-TakehomeTests.xctest"; sourceTree = BUILT_PRODUCTS_DIR; };
		47B5A5022AF1776700C16F16 /* Fetch_Recipe_TakehomeTests.swift */ = {isa = PBXFileReference; lastKnownFileType = sourcecode.swift; path = Fetch_Recipe_TakehomeTests.swift; sourceTree = "<group>"; };
		47B5A5082AF1776700C16F16 /* Fetch-Recipe-TakehomeUITests.xctest */ = {isa = PBXFileReference; explicitFileType = wrapper.cfbundle; includeInIndex = 0; path = "Fetch-Recipe-TakehomeUITests.xctest"; sourceTree = BUILT_PRODUCTS_DIR; };
		47B5A50C2AF1776700C16F16 /* Fetch_Recipe_TakehomeUITests.swift */ = {isa = PBXFileReference; lastKnownFileType = sourcecode.swift; path = Fetch_Recipe_TakehomeUITests.swift; sourceTree = "<group>"; };
		47B5A50E2AF1776700C16F16 /* Fetch_Recipe_TakehomeUITestsLaunchTests.swift */ = {isa = PBXFileReference; lastKnownFileType = sourcecode.swift; path = Fetch_Recipe_TakehomeUITestsLaunchTests.swift; sourceTree = "<group>"; };
		47B5A51C2AF1788100C16F16 /* FTVStack.swift */ = {isa = PBXFileReference; lastKnownFileType = sourcecode.swift; path = FTVStack.swift; sourceTree = "<group>"; };
		47B5A51E2AF1790000C16F16 /* FTHStack.swift */ = {isa = PBXFileReference; lastKnownFileType = sourcecode.swift; path = FTHStack.swift; sourceTree = "<group>"; };
		47B5A5202AF1792C00C16F16 /* FTStackView.swift */ = {isa = PBXFileReference; lastKnownFileType = sourcecode.swift; path = FTStackView.swift; sourceTree = "<group>"; };
		47B5A5252AF179AB00C16F16 /* FTViewableProtocol.swift */ = {isa = PBXFileReference; lastKnownFileType = sourcecode.swift; path = FTViewableProtocol.swift; sourceTree = "<group>"; };
		47B5A5292AF17C4100C16F16 /* FTHScrollStack.swift */ = {isa = PBXFileReference; lastKnownFileType = sourcecode.swift; path = FTHScrollStack.swift; sourceTree = "<group>"; };
		47B5A52B2AF17C4F00C16F16 /* FTVScrollStack.swift */ = {isa = PBXFileReference; lastKnownFileType = sourcecode.swift; path = FTVScrollStack.swift; sourceTree = "<group>"; };
		47B5A52D2AF17C6100C16F16 /* FTScrollStackView.swift */ = {isa = PBXFileReference; lastKnownFileType = sourcecode.swift; path = FTScrollStackView.swift; sourceTree = "<group>"; };
		47B5A52F2AF17EFC00C16F16 /* FTLabel.swift */ = {isa = PBXFileReference; lastKnownFileType = sourcecode.swift; path = FTLabel.swift; sourceTree = "<group>"; };
		47B5A5312AF17F7F00C16F16 /* FTButton.swift */ = {isa = PBXFileReference; lastKnownFileType = sourcecode.swift; path = FTButton.swift; sourceTree = "<group>"; };
		47B5A5332AF1808A00C16F16 /* FTToggleButton.swift */ = {isa = PBXFileReference; lastKnownFileType = sourcecode.swift; path = FTToggleButton.swift; sourceTree = "<group>"; };
		47B5A5372AF1977300C16F16 /* FTFeedViewController.swift */ = {isa = PBXFileReference; lastKnownFileType = sourcecode.swift; path = FTFeedViewController.swift; sourceTree = "<group>"; };
		47B5A53B2AF1981100C16F16 /* FTFeedHeaderFilterBarComponent.swift */ = {isa = PBXFileReference; lastKnownFileType = sourcecode.swift; path = FTFeedHeaderFilterBarComponent.swift; sourceTree = "<group>"; };
		47B5A53D2AF1987500C16F16 /* FTFeedHeaderFilterBarItemComponent.swift */ = {isa = PBXFileReference; lastKnownFileType = sourcecode.swift; path = FTFeedHeaderFilterBarItemComponent.swift; sourceTree = "<group>"; };
		47B5A53F2AF1990C00C16F16 /* FTColorPalette.swift */ = {isa = PBXFileReference; lastKnownFileType = sourcecode.swift; path = FTColorPalette.swift; sourceTree = "<group>"; };
		47B5A5422AF19EE100C16F16 /* FTFeedRecipeTableComponent.swift */ = {isa = PBXFileReference; lastKnownFileType = sourcecode.swift; path = FTFeedRecipeTableComponent.swift; sourceTree = "<group>"; };
		47B5A5452AF19FF300C16F16 /* FTFeedRecipeTableCellComponent.swift */ = {isa = PBXFileReference; lastKnownFileType = sourcecode.swift; path = FTFeedRecipeTableCellComponent.swift; sourceTree = "<group>"; };
		47B5A5472AF1A1B700C16F16 /* FTFeedRecipeTableCellTagsComponent.swift */ = {isa = PBXFileReference; lastKnownFileType = sourcecode.swift; path = FTFeedRecipeTableCellTagsComponent.swift; sourceTree = "<group>"; };
		47B5A5492AF1AB8500C16F16 /* FTFeedInfoComponent.swift */ = {isa = PBXFileReference; lastKnownFileType = sourcecode.swift; path = FTFeedInfoComponent.swift; sourceTree = "<group>"; };
		47B5A54B2AF1ABEA00C16F16 /* FTAttributedString.swift */ = {isa = PBXFileReference; lastKnownFileType = sourcecode.swift; path = FTAttributedString.swift; sourceTree = "<group>"; };
		47B5A54D2AF1C4DB00C16F16 /* FTFeedHeaderComponent.swift */ = {isa = PBXFileReference; lastKnownFileType = sourcecode.swift; path = FTFeedHeaderComponent.swift; sourceTree = "<group>"; };
		47B5A5502AF1C60900C16F16 /* FTRecipeCardViewController.swift */ = {isa = PBXFileReference; lastKnownFileType = sourcecode.swift; path = FTRecipeCardViewController.swift; sourceTree = "<group>"; };
		47B5A5532AF1C71400C16F16 /* UIView+ParentViewController.swift */ = {isa = PBXFileReference; lastKnownFileType = sourcecode.swift; path = "UIView+ParentViewController.swift"; sourceTree = "<group>"; };
		47B5A5552AF1C7AF00C16F16 /* FTRecipeCardImageBackgroundComponent.swift */ = {isa = PBXFileReference; lastKnownFileType = sourcecode.swift; path = FTRecipeCardImageBackgroundComponent.swift; sourceTree = "<group>"; };
		47B5A5592AF1C99F00C16F16 /* FTFormatter.swift */ = {isa = PBXFileReference; lastKnownFileType = sourcecode.swift; path = FTFormatter.swift; sourceTree = "<group>"; };
		47B5A55B2AF1D65B00C16F16 /* FTRecipeCardTitleComponent.swift */ = {isa = PBXFileReference; lastKnownFileType = sourcecode.swift; path = FTRecipeCardTitleComponent.swift; sourceTree = "<group>"; };
		47B5A55D2AF1D8D300C16F16 /* FTRecipeCardIngredientComponent.swift */ = {isa = PBXFileReference; lastKnownFileType = sourcecode.swift; path = FTRecipeCardIngredientComponent.swift; sourceTree = "<group>"; };
		47B5A5602AF1D95700C16F16 /* FTRecipeCardIngredientItemComponent.swift */ = {isa = PBXFileReference; lastKnownFileType = sourcecode.swift; path = FTRecipeCardIngredientItemComponent.swift; sourceTree = "<group>"; };
		47B5A5622AF1D96300C16F16 /* FTRecipeCardIngredientItemCheckmarkComponent.swift */ = {isa = PBXFileReference; lastKnownFileType = sourcecode.swift; path = FTRecipeCardIngredientItemCheckmarkComponent.swift; sourceTree = "<group>"; };
		47B5A5642AF1DAF700C16F16 /* FTSymbol.swift */ = {isa = PBXFileReference; lastKnownFileType = sourcecode.swift; path = FTSymbol.swift; sourceTree = "<group>"; };
		47B5A5672AF1DF3D00C16F16 /* FTRecipeCardStepComponent.swift */ = {isa = PBXFileReference; lastKnownFileType = sourcecode.swift; path = FTRecipeCardStepComponent.swift; sourceTree = "<group>"; };
		47B5A5692AF1DF6600C16F16 /* FTRecipeCardStepItemComponent.swift */ = {isa = PBXFileReference; lastKnownFileType = sourcecode.swift; path = FTRecipeCardStepItemComponent.swift; sourceTree = "<group>"; };
		47B5A56B2AF1E1C400C16F16 /* FTRecipeCardScrollComponent.swift */ = {isa = PBXFileReference; lastKnownFileType = sourcecode.swift; path = FTRecipeCardScrollComponent.swift; sourceTree = "<group>"; };
		47B5A56D2AF1FA9B00C16F16 /* FTImageView.swift */ = {isa = PBXFileReference; lastKnownFileType = sourcecode.swift; path = FTImageView.swift; sourceTree = "<group>"; };
		47B5A5702AF1FDF500C16F16 /* FTRecipeCardBackNavBarComponent.swift */ = {isa = PBXFileReference; lastKnownFileType = sourcecode.swift; path = FTRecipeCardBackNavBarComponent.swift; sourceTree = "<group>"; };
		47B5A5732AF2019B00C16F16 /* FTRecipeCardScrollDelegate.swift */ = {isa = PBXFileReference; lastKnownFileType = sourcecode.swift; path = FTRecipeCardScrollDelegate.swift; sourceTree = "<group>"; };
		47B5A5752AF2D94B00C16F16 /* FTMulticastDelegate.swift */ = {isa = PBXFileReference; lastKnownFileType = sourcecode.swift; path = FTMulticastDelegate.swift; sourceTree = "<group>"; };
		47B5A5772AF2DCEE00C16F16 /* FTRecipeCardTitleDelegate.swift */ = {isa = PBXFileReference; lastKnownFileType = sourcecode.swift; path = FTRecipeCardTitleDelegate.swift; sourceTree = "<group>"; };
		47B5A57D2AF2ECC100C16F16 /* FTNetworking.swift */ = {isa = PBXFileReference; lastKnownFileType = sourcecode.swift; path = FTNetworking.swift; sourceTree = "<group>"; };
		47B5A5812AF2F16000C16F16 /* FTFeedHeaderFilterBarModel.swift */ = {isa = PBXFileReference; lastKnownFileType = sourcecode.swift; path = FTFeedHeaderFilterBarModel.swift; sourceTree = "<group>"; };
		47B5A5842AF2F3C600C16F16 /* FTCategory.swift */ = {isa = PBXFileReference; lastKnownFileType = sourcecode.swift; path = FTCategory.swift; sourceTree = "<group>"; };
		47B5A5862AF30A2700C16F16 /* FTFeedHeaderFilterBarItemModel.swift */ = {isa = PBXFileReference; lastKnownFileType = sourcecode.swift; path = FTFeedHeaderFilterBarItemModel.swift; sourceTree = "<group>"; };
		47B5A5882AF30E3300C16F16 /* FTFeedRecipeTableModel.swift */ = {isa = PBXFileReference; lastKnownFileType = sourcecode.swift; path = FTFeedRecipeTableModel.swift; sourceTree = "<group>"; };
		47B5A58A2AF312AE00C16F16 /* FTRecipeOverview.swift */ = {isa = PBXFileReference; lastKnownFileType = sourcecode.swift; path = FTRecipeOverview.swift; sourceTree = "<group>"; };
		47B5A58C2AF312B800C16F16 /* FTRecipe.swift */ = {isa = PBXFileReference; lastKnownFileType = sourcecode.swift; path = FTRecipe.swift; sourceTree = "<group>"; };
		47B5A58E2AF3147A00C16F16 /* FTInstruction.swift */ = {isa = PBXFileReference; lastKnownFileType = sourcecode.swift; path = FTInstruction.swift; sourceTree = "<group>"; };
		47B5A5902AF3148B00C16F16 /* FTIngredient.swift */ = {isa = PBXFileReference; lastKnownFileType = sourcecode.swift; path = FTIngredient.swift; sourceTree = "<group>"; };
		47B5A5922AF314B100C16F16 /* FTTag.swift */ = {isa = PBXFileReference; lastKnownFileType = sourcecode.swift; path = FTTag.swift; sourceTree = "<group>"; };
		47B5A5942AF31F5C00C16F16 /* FTFeedRecipeTableCellModel.swift */ = {isa = PBXFileReference; lastKnownFileType = sourcecode.swift; path = FTFeedRecipeTableCellModel.swift; sourceTree = "<group>"; };
		47B5A5962AF324D300C16F16 /* FTFeedRecipeTableCellTagsModel.swift */ = {isa = PBXFileReference; lastKnownFileType = sourcecode.swift; path = FTFeedRecipeTableCellTagsModel.swift; sourceTree = "<group>"; };
		47B5A5982AF3271600C16F16 /* FTFeedRecipeTableCellTagItemComponent.swift */ = {isa = PBXFileReference; lastKnownFileType = sourcecode.swift; path = FTFeedRecipeTableCellTagItemComponent.swift; sourceTree = "<group>"; };
		47B5A59B2AF33BC500C16F16 /* FTRecipeCardTitleModel.swift */ = {isa = PBXFileReference; lastKnownFileType = sourcecode.swift; path = FTRecipeCardTitleModel.swift; sourceTree = "<group>"; };
		47B5A59D2AF33BEC00C16F16 /* FTRecipeCardImageBackgroundModel.swift */ = {isa = PBXFileReference; lastKnownFileType = sourcecode.swift; path = FTRecipeCardImageBackgroundModel.swift; sourceTree = "<group>"; };
		47B5A59F2AF33C0700C16F16 /* FTRecipeCardViewControllerModel.swift */ = {isa = PBXFileReference; lastKnownFileType = sourcecode.swift; path = FTRecipeCardViewControllerModel.swift; sourceTree = "<group>"; };
		47B5A5A12AF33C2100C16F16 /* FTRecipeCardScrollModel.swift */ = {isa = PBXFileReference; lastKnownFileType = sourcecode.swift; path = FTRecipeCardScrollModel.swift; sourceTree = "<group>"; };
		47B5A5A32AF33C5600C16F16 /* FTRecipeCardIngredientItemModel.swift */ = {isa = PBXFileReference; lastKnownFileType = sourcecode.swift; path = FTRecipeCardIngredientItemModel.swift; sourceTree = "<group>"; };
		47B5A5A52AF33C6400C16F16 /* FTRecipeCardIngredientsModel.swift */ = {isa = PBXFileReference; lastKnownFileType = sourcecode.swift; path = FTRecipeCardIngredientsModel.swift; sourceTree = "<group>"; };
		47B5A5A72AF33C7000C16F16 /* FTRecipeCardInstructionItemModel.swift */ = {isa = PBXFileReference; lastKnownFileType = sourcecode.swift; path = FTRecipeCardInstructionItemModel.swift; sourceTree = "<group>"; };
		47B5A5A92AF33C7C00C16F16 /* FTRecipeCardInstructionsModel.swift */ = {isa = PBXFileReference; lastKnownFileType = sourcecode.swift; path = FTRecipeCardInstructionsModel.swift; sourceTree = "<group>"; };
/* End PBXFileReference section */

/* Begin PBXFrameworksBuildPhase section */
		47B5A4E52AF1776500C16F16 /* Frameworks */ = {
			isa = PBXFrameworksBuildPhase;
			buildActionMask = 2147483647;
			files = (
				47B5A5242AF1796C00C16F16 /* SnapKit in Frameworks */,
				47B5A57B2AF2EBCE00C16F16 /* Alamofire in Frameworks */,
			);
			runOnlyForDeploymentPostprocessing = 0;
		};
		47B5A4FB2AF1776700C16F16 /* Frameworks */ = {
			isa = PBXFrameworksBuildPhase;
			buildActionMask = 2147483647;
			files = (
			);
			runOnlyForDeploymentPostprocessing = 0;
		};
		47B5A5052AF1776700C16F16 /* Frameworks */ = {
			isa = PBXFrameworksBuildPhase;
			buildActionMask = 2147483647;
			files = (
			);
			runOnlyForDeploymentPostprocessing = 0;
		};
/* End PBXFrameworksBuildPhase section */

/* Begin PBXGroup section */
		47B5A4DF2AF1776500C16F16 = {
			isa = PBXGroup;
			children = (
				47B5A4EA2AF1776500C16F16 /* Fetch-Recipe-Takehome */,
				47B5A5012AF1776700C16F16 /* Fetch-Recipe-TakehomeTests */,
				47B5A50B2AF1776700C16F16 /* Fetch-Recipe-TakehomeUITests */,
				47B5A4E92AF1776500C16F16 /* Products */,
			);
			sourceTree = "<group>";
		};
		47B5A4E92AF1776500C16F16 /* Products */ = {
			isa = PBXGroup;
			children = (
				47B5A4E82AF1776500C16F16 /* Fetch-Recipe-Takehome.app */,
				47B5A4FE2AF1776700C16F16 /* Fetch-Recipe-TakehomeTests.xctest */,
				47B5A5082AF1776700C16F16 /* Fetch-Recipe-TakehomeUITests.xctest */,
			);
			name = Products;
			sourceTree = "<group>";
		};
		47B5A4EA2AF1776500C16F16 /* Fetch-Recipe-Takehome */ = {
			isa = PBXGroup;
			children = (
				47B5A57F2AF2F10E00C16F16 /* Networking */,
				47B5A5362AF1975900C16F16 /* Controllers */,
				47B5A51B2AF1784700C16F16 /* Components */,
				47B5A4EB2AF1776500C16F16 /* AppDelegate.swift */,
				47B5A4ED2AF1776500C16F16 /* SceneDelegate.swift */,
				47B5A4EF2AF1776500C16F16 /* ViewController.swift */,
				47B5A4F12AF1776500C16F16 /* Main.storyboard */,
				47B5A4F42AF1776700C16F16 /* Assets.xcassets */,
				47B5A4F62AF1776700C16F16 /* LaunchScreen.storyboard */,
				47B5A4F92AF1776700C16F16 /* Info.plist */,
			);
			path = "Fetch-Recipe-Takehome";
			sourceTree = "<group>";
		};
		47B5A5012AF1776700C16F16 /* Fetch-Recipe-TakehomeTests */ = {
			isa = PBXGroup;
			children = (
				47B5A5022AF1776700C16F16 /* Fetch_Recipe_TakehomeTests.swift */,
			);
			path = "Fetch-Recipe-TakehomeTests";
			sourceTree = "<group>";
		};
		47B5A50B2AF1776700C16F16 /* Fetch-Recipe-TakehomeUITests */ = {
			isa = PBXGroup;
			children = (
				47B5A50C2AF1776700C16F16 /* Fetch_Recipe_TakehomeUITests.swift */,
				47B5A50E2AF1776700C16F16 /* Fetch_Recipe_TakehomeUITestsLaunchTests.swift */,
			);
			path = "Fetch-Recipe-TakehomeUITests";
			sourceTree = "<group>";
		};
		47B5A51B2AF1784700C16F16 /* Components */ = {
			isa = PBXGroup;
			children = (
				47B5A5522AF1C69500C16F16 /* Extensions */,
				47B5A5352AF181FC00C16F16 /* Protocols */,
				47B5A5282AF17C2800C16F16 /* Scroll Stack View */,
				47B5A5272AF17C1B00C16F16 /* Stack View */,
				47B5A52F2AF17EFC00C16F16 /* FTLabel.swift */,
				47B5A5312AF17F7F00C16F16 /* FTButton.swift */,
				47B5A5332AF1808A00C16F16 /* FTToggleButton.swift */,
				47B5A53F2AF1990C00C16F16 /* FTColorPalette.swift */,
				47B5A54B2AF1ABEA00C16F16 /* FTAttributedString.swift */,
				47B5A5592AF1C99F00C16F16 /* FTFormatter.swift */,
				47B5A5642AF1DAF700C16F16 /* FTSymbol.swift */,
				47B5A56D2AF1FA9B00C16F16 /* FTImageView.swift */,
				47B5A5752AF2D94B00C16F16 /* FTMulticastDelegate.swift */,
			);
			path = Components;
			sourceTree = "<group>";
		};
		47B5A5272AF17C1B00C16F16 /* Stack View */ = {
			isa = PBXGroup;
			children = (
				47B5A51C2AF1788100C16F16 /* FTVStack.swift */,
				47B5A51E2AF1790000C16F16 /* FTHStack.swift */,
				47B5A5202AF1792C00C16F16 /* FTStackView.swift */,
			);
			path = "Stack View";
			sourceTree = "<group>";
		};
		47B5A5282AF17C2800C16F16 /* Scroll Stack View */ = {
			isa = PBXGroup;
			children = (
				47B5A52D2AF17C6100C16F16 /* FTScrollStackView.swift */,
				47B5A5292AF17C4100C16F16 /* FTHScrollStack.swift */,
				47B5A52B2AF17C4F00C16F16 /* FTVScrollStack.swift */,
			);
			path = "Scroll Stack View";
			sourceTree = "<group>";
		};
		47B5A5352AF181FC00C16F16 /* Protocols */ = {
			isa = PBXGroup;
			children = (
				47B5A5252AF179AB00C16F16 /* FTViewableProtocol.swift */,
			);
			path = Protocols;
			sourceTree = "<group>";
		};
		47B5A5362AF1975900C16F16 /* Controllers */ = {
			isa = PBXGroup;
			children = (
				47B5A54F2AF1C5BF00C16F16 /* Recipe Card */,
				47B5A5392AF197EC00C16F16 /* Feed */,
			);
			path = Controllers;
			sourceTree = "<group>";
		};
		47B5A5392AF197EC00C16F16 /* Feed */ = {
			isa = PBXGroup;
			children = (
				47B5A5802AF2F13200C16F16 /* Models */,
				47B5A53A2AF197FE00C16F16 /* Header */,
				47B5A5412AF19ECD00C16F16 /* Table */,
				47B5A5442AF19FDB00C16F16 /* Cell */,
				47B5A5372AF1977300C16F16 /* FTFeedViewController.swift */,
				47B5A5492AF1AB8500C16F16 /* FTFeedInfoComponent.swift */,
			);
			path = Feed;
			sourceTree = "<group>";
		};
		47B5A53A2AF197FE00C16F16 /* Header */ = {
			isa = PBXGroup;
			children = (
				47B5A54D2AF1C4DB00C16F16 /* FTFeedHeaderComponent.swift */,
				47B5A53B2AF1981100C16F16 /* FTFeedHeaderFilterBarComponent.swift */,
				47B5A53D2AF1987500C16F16 /* FTFeedHeaderFilterBarItemComponent.swift */,
			);
			path = Header;
			sourceTree = "<group>";
		};
		47B5A5412AF19ECD00C16F16 /* Table */ = {
			isa = PBXGroup;
			children = (
				47B5A5422AF19EE100C16F16 /* FTFeedRecipeTableComponent.swift */,
			);
			path = Table;
			sourceTree = "<group>";
		};
		47B5A5442AF19FDB00C16F16 /* Cell */ = {
			isa = PBXGroup;
			children = (
				47B5A5452AF19FF300C16F16 /* FTFeedRecipeTableCellComponent.swift */,
				47B5A5472AF1A1B700C16F16 /* FTFeedRecipeTableCellTagsComponent.swift */,
				47B5A5982AF3271600C16F16 /* FTFeedRecipeTableCellTagItemComponent.swift */,
			);
			path = Cell;
			sourceTree = "<group>";
		};
		47B5A54F2AF1C5BF00C16F16 /* Recipe Card */ = {
			isa = PBXGroup;
			children = (
				47B5A59A2AF33BB200C16F16 /* Models */,
				47B5A5722AF2016800C16F16 /* Delegates */,
				47B5A56F2AF1FDC700C16F16 /* Navigation Bar */,
				47B5A5662AF1DF2800C16F16 /* Steps */,
				47B5A55F2AF1D92A00C16F16 /* Ingredients */,
				47B5A5502AF1C60900C16F16 /* FTRecipeCardViewController.swift */,
				47B5A5552AF1C7AF00C16F16 /* FTRecipeCardImageBackgroundComponent.swift */,
				47B5A55B2AF1D65B00C16F16 /* FTRecipeCardTitleComponent.swift */,
				47B5A56B2AF1E1C400C16F16 /* FTRecipeCardScrollComponent.swift */,
			);
			path = "Recipe Card";
			sourceTree = "<group>";
		};
		47B5A5522AF1C69500C16F16 /* Extensions */ = {
			isa = PBXGroup;
			children = (
				47B5A5532AF1C71400C16F16 /* UIView+ParentViewController.swift */,
			);
			path = Extensions;
			sourceTree = "<group>";
		};
		47B5A55F2AF1D92A00C16F16 /* Ingredients */ = {
			isa = PBXGroup;
			children = (
				47B5A55D2AF1D8D300C16F16 /* FTRecipeCardIngredientComponent.swift */,
				47B5A5602AF1D95700C16F16 /* FTRecipeCardIngredientItemComponent.swift */,
				47B5A5622AF1D96300C16F16 /* FTRecipeCardIngredientItemCheckmarkComponent.swift */,
			);
			path = Ingredients;
			sourceTree = "<group>";
		};
		47B5A5662AF1DF2800C16F16 /* Steps */ = {
			isa = PBXGroup;
			children = (
				47B5A5672AF1DF3D00C16F16 /* FTRecipeCardStepComponent.swift */,
				47B5A5692AF1DF6600C16F16 /* FTRecipeCardStepItemComponent.swift */,
			);
			path = Steps;
			sourceTree = "<group>";
		};
		47B5A56F2AF1FDC700C16F16 /* Navigation Bar */ = {
			isa = PBXGroup;
			children = (
				47B5A5702AF1FDF500C16F16 /* FTRecipeCardBackNavBarComponent.swift */,
			);
			path = "Navigation Bar";
			sourceTree = "<group>";
		};
		47B5A5722AF2016800C16F16 /* Delegates */ = {
			isa = PBXGroup;
			children = (
				47B5A5732AF2019B00C16F16 /* FTRecipeCardScrollDelegate.swift */,
				47B5A5772AF2DCEE00C16F16 /* FTRecipeCardTitleDelegate.swift */,
			);
			path = Delegates;
			sourceTree = "<group>";
		};
		47B5A57F2AF2F10E00C16F16 /* Networking */ = {
			isa = PBXGroup;
			children = (
				47B5A5832AF2F3BA00C16F16 /* Models */,
				47B5A57D2AF2ECC100C16F16 /* FTNetworking.swift */,
			);
			path = Networking;
			sourceTree = "<group>";
		};
		47B5A5802AF2F13200C16F16 /* Models */ = {
			isa = PBXGroup;
			children = (
				47B5A5812AF2F16000C16F16 /* FTFeedHeaderFilterBarModel.swift */,
				47B5A5862AF30A2700C16F16 /* FTFeedHeaderFilterBarItemModel.swift */,
				47B5A5882AF30E3300C16F16 /* FTFeedRecipeTableModel.swift */,
				47B5A5942AF31F5C00C16F16 /* FTFeedRecipeTableCellModel.swift */,
				47B5A5962AF324D300C16F16 /* FTFeedRecipeTableCellTagsModel.swift */,
			);
			path = Models;
			sourceTree = "<group>";
		};
		47B5A5832AF2F3BA00C16F16 /* Models */ = {
			isa = PBXGroup;
			children = (
				47B5A5842AF2F3C600C16F16 /* FTCategory.swift */,
				47B5A58A2AF312AE00C16F16 /* FTRecipeOverview.swift */,
				47B5A58C2AF312B800C16F16 /* FTRecipe.swift */,
				47B5A58E2AF3147A00C16F16 /* FTInstruction.swift */,
				47B5A5902AF3148B00C16F16 /* FTIngredient.swift */,
				47B5A5922AF314B100C16F16 /* FTTag.swift */,
			);
			path = Models;
			sourceTree = "<group>";
		};
		47B5A59A2AF33BB200C16F16 /* Models */ = {
			isa = PBXGroup;
			children = (
				47B5A59B2AF33BC500C16F16 /* FTRecipeCardTitleModel.swift */,
				47B5A59D2AF33BEC00C16F16 /* FTRecipeCardImageBackgroundModel.swift */,
				47B5A59F2AF33C0700C16F16 /* FTRecipeCardViewControllerModel.swift */,
				47B5A5A12AF33C2100C16F16 /* FTRecipeCardScrollModel.swift */,
				47B5A5A32AF33C5600C16F16 /* FTRecipeCardIngredientItemModel.swift */,
				47B5A5A52AF33C6400C16F16 /* FTRecipeCardIngredientsModel.swift */,
				47B5A5A72AF33C7000C16F16 /* FTRecipeCardInstructionItemModel.swift */,
				47B5A5A92AF33C7C00C16F16 /* FTRecipeCardInstructionsModel.swift */,
			);
			path = Models;
			sourceTree = "<group>";
		};
/* End PBXGroup section */

/* Begin PBXNativeTarget section */
		47B5A4E72AF1776500C16F16 /* Fetch-Recipe-Takehome */ = {
			isa = PBXNativeTarget;
			buildConfigurationList = 47B5A5122AF1776700C16F16 /* Build configuration list for PBXNativeTarget "Fetch-Recipe-Takehome" */;
			buildPhases = (
				47B5A4E42AF1776500C16F16 /* Sources */,
				47B5A4E52AF1776500C16F16 /* Frameworks */,
				47B5A4E62AF1776500C16F16 /* Resources */,
			);
			buildRules = (
			);
			dependencies = (
			);
			name = "Fetch-Recipe-Takehome";
			packageProductDependencies = (
				47B5A5232AF1796C00C16F16 /* SnapKit */,
				47B5A57A2AF2EBCE00C16F16 /* Alamofire */,
			);
			productName = "Fetch-Recipe-Takehome";
			productReference = 47B5A4E82AF1776500C16F16 /* Fetch-Recipe-Takehome.app */;
			productType = "com.apple.product-type.application";
		};
		47B5A4FD2AF1776700C16F16 /* Fetch-Recipe-TakehomeTests */ = {
			isa = PBXNativeTarget;
			buildConfigurationList = 47B5A5152AF1776700C16F16 /* Build configuration list for PBXNativeTarget "Fetch-Recipe-TakehomeTests" */;
			buildPhases = (
				47B5A4FA2AF1776700C16F16 /* Sources */,
				47B5A4FB2AF1776700C16F16 /* Frameworks */,
				47B5A4FC2AF1776700C16F16 /* Resources */,
			);
			buildRules = (
			);
			dependencies = (
				47B5A5002AF1776700C16F16 /* PBXTargetDependency */,
			);
			name = "Fetch-Recipe-TakehomeTests";
			productName = "Fetch-Recipe-TakehomeTests";
			productReference = 47B5A4FE2AF1776700C16F16 /* Fetch-Recipe-TakehomeTests.xctest */;
			productType = "com.apple.product-type.bundle.unit-test";
		};
		47B5A5072AF1776700C16F16 /* Fetch-Recipe-TakehomeUITests */ = {
			isa = PBXNativeTarget;
			buildConfigurationList = 47B5A5182AF1776700C16F16 /* Build configuration list for PBXNativeTarget "Fetch-Recipe-TakehomeUITests" */;
			buildPhases = (
				47B5A5042AF1776700C16F16 /* Sources */,
				47B5A5052AF1776700C16F16 /* Frameworks */,
				47B5A5062AF1776700C16F16 /* Resources */,
			);
			buildRules = (
			);
			dependencies = (
				47B5A50A2AF1776700C16F16 /* PBXTargetDependency */,
			);
			name = "Fetch-Recipe-TakehomeUITests";
			productName = "Fetch-Recipe-TakehomeUITests";
			productReference = 47B5A5082AF1776700C16F16 /* Fetch-Recipe-TakehomeUITests.xctest */;
			productType = "com.apple.product-type.bundle.ui-testing";
		};
/* End PBXNativeTarget section */

/* Begin PBXProject section */
		47B5A4E02AF1776500C16F16 /* Project object */ = {
			isa = PBXProject;
			attributes = {
				BuildIndependentTargetsInParallel = 1;
				LastSwiftUpdateCheck = 1430;
				LastUpgradeCheck = 1430;
				TargetAttributes = {
					47B5A4E72AF1776500C16F16 = {
						CreatedOnToolsVersion = 14.3.1;
					};
					47B5A4FD2AF1776700C16F16 = {
						CreatedOnToolsVersion = 14.3.1;
						TestTargetID = 47B5A4E72AF1776500C16F16;
					};
					47B5A5072AF1776700C16F16 = {
						CreatedOnToolsVersion = 14.3.1;
						TestTargetID = 47B5A4E72AF1776500C16F16;
					};
				};
			};
			buildConfigurationList = 47B5A4E32AF1776500C16F16 /* Build configuration list for PBXProject "Fetch-Recipe-Takehome" */;
			compatibilityVersion = "Xcode 14.0";
			developmentRegion = en;
			hasScannedForEncodings = 0;
			knownRegions = (
				en,
				Base,
			);
			mainGroup = 47B5A4DF2AF1776500C16F16;
			packageReferences = (
				47B5A5222AF1796C00C16F16 /* XCRemoteSwiftPackageReference "SnapKit" */,
				47B5A5792AF2EBCE00C16F16 /* XCRemoteSwiftPackageReference "Alamofire" */,
			);
			productRefGroup = 47B5A4E92AF1776500C16F16 /* Products */;
			projectDirPath = "";
			projectRoot = "";
			targets = (
				47B5A4E72AF1776500C16F16 /* Fetch-Recipe-Takehome */,
				47B5A4FD2AF1776700C16F16 /* Fetch-Recipe-TakehomeTests */,
				47B5A5072AF1776700C16F16 /* Fetch-Recipe-TakehomeUITests */,
			);
		};
/* End PBXProject section */

/* Begin PBXResourcesBuildPhase section */
		47B5A4E62AF1776500C16F16 /* Resources */ = {
			isa = PBXResourcesBuildPhase;
			buildActionMask = 2147483647;
			files = (
				47B5A4F82AF1776700C16F16 /* LaunchScreen.storyboard in Resources */,
				47B5A4F52AF1776700C16F16 /* Assets.xcassets in Resources */,
				47B5A4F32AF1776500C16F16 /* Main.storyboard in Resources */,
			);
			runOnlyForDeploymentPostprocessing = 0;
		};
		47B5A4FC2AF1776700C16F16 /* Resources */ = {
			isa = PBXResourcesBuildPhase;
			buildActionMask = 2147483647;
			files = (
			);
			runOnlyForDeploymentPostprocessing = 0;
		};
		47B5A5062AF1776700C16F16 /* Resources */ = {
			isa = PBXResourcesBuildPhase;
			buildActionMask = 2147483647;
			files = (
			);
			runOnlyForDeploymentPostprocessing = 0;
		};
/* End PBXResourcesBuildPhase section */

/* Begin PBXSourcesBuildPhase section */
		47B5A4E42AF1776500C16F16 /* Sources */ = {
			isa = PBXSourcesBuildPhase;
			buildActionMask = 2147483647;
			files = (
				47B5A5462AF19FF300C16F16 /* FTFeedRecipeTableCellComponent.swift in Sources */,
				47B5A5872AF30A2700C16F16 /* FTFeedHeaderFilterBarItemModel.swift in Sources */,
				47B5A5562AF1C7AF00C16F16 /* FTRecipeCardImageBackgroundComponent.swift in Sources */,
				47B5A5382AF1977300C16F16 /* FTFeedViewController.swift in Sources */,
				47B5A4F02AF1776500C16F16 /* ViewController.swift in Sources */,
				47B5A5912AF3148B00C16F16 /* FTIngredient.swift in Sources */,
				47B5A5A62AF33C6400C16F16 /* FTRecipeCardIngredientsModel.swift in Sources */,
				47B5A4EC2AF1776500C16F16 /* AppDelegate.swift in Sources */,
				47B5A59E2AF33BEC00C16F16 /* FTRecipeCardImageBackgroundModel.swift in Sources */,
				47B5A51F2AF1790000C16F16 /* FTHStack.swift in Sources */,
				47B5A5212AF1792C00C16F16 /* FTStackView.swift in Sources */,
				47B5A4EE2AF1776500C16F16 /* SceneDelegate.swift in Sources */,
				47B5A5482AF1A1B700C16F16 /* FTFeedRecipeTableCellTagsComponent.swift in Sources */,
				47B5A58F2AF3147A00C16F16 /* FTInstruction.swift in Sources */,
				47B5A5432AF19EE100C16F16 /* FTFeedRecipeTableComponent.swift in Sources */,
				47B5A56C2AF1E1C400C16F16 /* FTRecipeCardScrollComponent.swift in Sources */,
				47B5A55A2AF1C99F00C16F16 /* FTFormatter.swift in Sources */,
				47B5A57E2AF2ECC100C16F16 /* FTNetworking.swift in Sources */,
				47B5A5A42AF33C5600C16F16 /* FTRecipeCardIngredientItemModel.swift in Sources */,
				47B5A53C2AF1981100C16F16 /* FTFeedHeaderFilterBarComponent.swift in Sources */,
				47B5A54C2AF1ABEA00C16F16 /* FTAttributedString.swift in Sources */,
				47B5A5632AF1D96300C16F16 /* FTRecipeCardIngredientItemCheckmarkComponent.swift in Sources */,
				47B5A5852AF2F3C600C16F16 /* FTCategory.swift in Sources */,
				47B5A51D2AF1788100C16F16 /* FTVStack.swift in Sources */,
				47B5A5512AF1C60900C16F16 /* FTRecipeCardViewController.swift in Sources */,
				47B5A58B2AF312AE00C16F16 /* FTRecipeOverview.swift in Sources */,
				47B5A55C2AF1D65B00C16F16 /* FTRecipeCardTitleComponent.swift in Sources */,
				47B5A54E2AF1C4DB00C16F16 /* FTFeedHeaderComponent.swift in Sources */,
				47B5A5992AF3271600C16F16 /* FTFeedRecipeTableCellTagItemComponent.swift in Sources */,
				47B5A5782AF2DCEE00C16F16 /* FTRecipeCardTitleDelegate.swift in Sources */,
				47B5A5542AF1C71400C16F16 /* UIView+ParentViewController.swift in Sources */,
				47B5A56E2AF1FA9B00C16F16 /* FTImageView.swift in Sources */,
				47B5A55E2AF1D8D300C16F16 /* FTRecipeCardIngredientComponent.swift in Sources */,
				47B5A5972AF324D300C16F16 /* FTFeedRecipeTableCellTagsModel.swift in Sources */,
				47B5A5822AF2F16000C16F16 /* FTFeedHeaderFilterBarModel.swift in Sources */,
				47B5A52E2AF17C6100C16F16 /* FTScrollStackView.swift in Sources */,
				47B5A5342AF1808A00C16F16 /* FTToggleButton.swift in Sources */,
				47B5A59C2AF33BC500C16F16 /* FTRecipeCardTitleModel.swift in Sources */,
				47B5A5A02AF33C0700C16F16 /* FTRecipeCardViewControllerModel.swift in Sources */,
				47B5A5322AF17F7F00C16F16 /* FTButton.swift in Sources */,
				47B5A5742AF2019B00C16F16 /* FTRecipeCardScrollDelegate.swift in Sources */,
				47B5A52C2AF17C4F00C16F16 /* FTVScrollStack.swift in Sources */,
				47B5A5762AF2D94B00C16F16 /* FTMulticastDelegate.swift in Sources */,
				47B5A5932AF314B100C16F16 /* FTTag.swift in Sources */,
				47B5A5402AF1990C00C16F16 /* FTColorPalette.swift in Sources */,
				47B5A54A2AF1AB8500C16F16 /* FTFeedInfoComponent.swift in Sources */,
				47B5A5AA2AF33C7C00C16F16 /* FTRecipeCardInstructionsModel.swift in Sources */,
				47B5A58D2AF312B800C16F16 /* FTRecipe.swift in Sources */,
				47B5A5682AF1DF3D00C16F16 /* FTRecipeCardStepComponent.swift in Sources */,
				47B5A5612AF1D95700C16F16 /* FTRecipeCardIngredientItemComponent.swift in Sources */,
				47B5A52A2AF17C4100C16F16 /* FTHScrollStack.swift in Sources */,
				47B5A5952AF31F5C00C16F16 /* FTFeedRecipeTableCellModel.swift in Sources */,
				47B5A5262AF179AB00C16F16 /* FTViewableProtocol.swift in Sources */,
				47B5A5892AF30E3300C16F16 /* FTFeedRecipeTableModel.swift in Sources */,
				47B5A56A2AF1DF6600C16F16 /* FTRecipeCardStepItemComponent.swift in Sources */,
				47B5A5A82AF33C7000C16F16 /* FTRecipeCardInstructionItemModel.swift in Sources */,
				47B5A5712AF1FDF500C16F16 /* FTRecipeCardBackNavBarComponent.swift in Sources */,
				47B5A5302AF17EFC00C16F16 /* FTLabel.swift in Sources */,
				47B5A53E2AF1987500C16F16 /* FTFeedHeaderFilterBarItemComponent.swift in Sources */,
				47B5A5652AF1DAF700C16F16 /* FTSymbol.swift in Sources */,
				47B5A5A22AF33C2100C16F16 /* FTRecipeCardScrollModel.swift in Sources */,
			);
			runOnlyForDeploymentPostprocessing = 0;
		};
		47B5A4FA2AF1776700C16F16 /* Sources */ = {
			isa = PBXSourcesBuildPhase;
			buildActionMask = 2147483647;
			files = (
				47B5A5032AF1776700C16F16 /* Fetch_Recipe_TakehomeTests.swift in Sources */,
			);
			runOnlyForDeploymentPostprocessing = 0;
		};
		47B5A5042AF1776700C16F16 /* Sources */ = {
			isa = PBXSourcesBuildPhase;
			buildActionMask = 2147483647;
			files = (
				47B5A50D2AF1776700C16F16 /* Fetch_Recipe_TakehomeUITests.swift in Sources */,
				47B5A50F2AF1776700C16F16 /* Fetch_Recipe_TakehomeUITestsLaunchTests.swift in Sources */,
			);
			runOnlyForDeploymentPostprocessing = 0;
		};
/* End PBXSourcesBuildPhase section */

/* Begin PBXTargetDependency section */
		47B5A5002AF1776700C16F16 /* PBXTargetDependency */ = {
			isa = PBXTargetDependency;
			target = 47B5A4E72AF1776500C16F16 /* Fetch-Recipe-Takehome */;
			targetProxy = 47B5A4FF2AF1776700C16F16 /* PBXContainerItemProxy */;
		};
		47B5A50A2AF1776700C16F16 /* PBXTargetDependency */ = {
			isa = PBXTargetDependency;
			target = 47B5A4E72AF1776500C16F16 /* Fetch-Recipe-Takehome */;
			targetProxy = 47B5A5092AF1776700C16F16 /* PBXContainerItemProxy */;
		};
/* End PBXTargetDependency section */

/* Begin PBXVariantGroup section */
		47B5A4F12AF1776500C16F16 /* Main.storyboard */ = {
			isa = PBXVariantGroup;
			children = (
				47B5A4F22AF1776500C16F16 /* Base */,
			);
			name = Main.storyboard;
			sourceTree = "<group>";
		};
		47B5A4F62AF1776700C16F16 /* LaunchScreen.storyboard */ = {
			isa = PBXVariantGroup;
			children = (
				47B5A4F72AF1776700C16F16 /* Base */,
			);
			name = LaunchScreen.storyboard;
			sourceTree = "<group>";
		};
/* End PBXVariantGroup section */

/* Begin XCBuildConfiguration section */
		47B5A5102AF1776700C16F16 /* Debug */ = {
			isa = XCBuildConfiguration;
			buildSettings = {
				ALWAYS_SEARCH_USER_PATHS = NO;
				CLANG_ANALYZER_NONNULL = YES;
				CLANG_ANALYZER_NUMBER_OBJECT_CONVERSION = YES_AGGRESSIVE;
				CLANG_CXX_LANGUAGE_STANDARD = "gnu++20";
				CLANG_ENABLE_MODULES = YES;
				CLANG_ENABLE_OBJC_ARC = YES;
				CLANG_ENABLE_OBJC_WEAK = YES;
				CLANG_WARN_BLOCK_CAPTURE_AUTORELEASING = YES;
				CLANG_WARN_BOOL_CONVERSION = YES;
				CLANG_WARN_COMMA = YES;
				CLANG_WARN_CONSTANT_CONVERSION = YES;
				CLANG_WARN_DEPRECATED_OBJC_IMPLEMENTATIONS = YES;
				CLANG_WARN_DIRECT_OBJC_ISA_USAGE = YES_ERROR;
				CLANG_WARN_DOCUMENTATION_COMMENTS = YES;
				CLANG_WARN_EMPTY_BODY = YES;
				CLANG_WARN_ENUM_CONVERSION = YES;
				CLANG_WARN_INFINITE_RECURSION = YES;
				CLANG_WARN_INT_CONVERSION = YES;
				CLANG_WARN_NON_LITERAL_NULL_CONVERSION = YES;
				CLANG_WARN_OBJC_IMPLICIT_RETAIN_SELF = YES;
				CLANG_WARN_OBJC_LITERAL_CONVERSION = YES;
				CLANG_WARN_OBJC_ROOT_CLASS = YES_ERROR;
				CLANG_WARN_QUOTED_INCLUDE_IN_FRAMEWORK_HEADER = YES;
				CLANG_WARN_RANGE_LOOP_ANALYSIS = YES;
				CLANG_WARN_STRICT_PROTOTYPES = YES;
				CLANG_WARN_SUSPICIOUS_MOVE = YES;
				CLANG_WARN_UNGUARDED_AVAILABILITY = YES_AGGRESSIVE;
				CLANG_WARN_UNREACHABLE_CODE = YES;
				CLANG_WARN__DUPLICATE_METHOD_MATCH = YES;
				COPY_PHASE_STRIP = NO;
				DEBUG_INFORMATION_FORMAT = dwarf;
				ENABLE_STRICT_OBJC_MSGSEND = YES;
				ENABLE_TESTABILITY = YES;
				GCC_C_LANGUAGE_STANDARD = gnu11;
				GCC_DYNAMIC_NO_PIC = NO;
				GCC_NO_COMMON_BLOCKS = YES;
				GCC_OPTIMIZATION_LEVEL = 0;
				GCC_PREPROCESSOR_DEFINITIONS = (
					"DEBUG=1",
					"$(inherited)",
				);
				GCC_WARN_64_TO_32_BIT_CONVERSION = YES;
				GCC_WARN_ABOUT_RETURN_TYPE = YES_ERROR;
				GCC_WARN_UNDECLARED_SELECTOR = YES;
				GCC_WARN_UNINITIALIZED_AUTOS = YES_AGGRESSIVE;
				GCC_WARN_UNUSED_FUNCTION = YES;
				GCC_WARN_UNUSED_VARIABLE = YES;
				IPHONEOS_DEPLOYMENT_TARGET = 16.4;
				MTL_ENABLE_DEBUG_INFO = INCLUDE_SOURCE;
				MTL_FAST_MATH = YES;
				ONLY_ACTIVE_ARCH = YES;
				SDKROOT = iphoneos;
				SWIFT_ACTIVE_COMPILATION_CONDITIONS = DEBUG;
				SWIFT_OPTIMIZATION_LEVEL = "-Onone";
			};
			name = Debug;
		};
		47B5A5112AF1776700C16F16 /* Release */ = {
			isa = XCBuildConfiguration;
			buildSettings = {
				ALWAYS_SEARCH_USER_PATHS = NO;
				CLANG_ANALYZER_NONNULL = YES;
				CLANG_ANALYZER_NUMBER_OBJECT_CONVERSION = YES_AGGRESSIVE;
				CLANG_CXX_LANGUAGE_STANDARD = "gnu++20";
				CLANG_ENABLE_MODULES = YES;
				CLANG_ENABLE_OBJC_ARC = YES;
				CLANG_ENABLE_OBJC_WEAK = YES;
				CLANG_WARN_BLOCK_CAPTURE_AUTORELEASING = YES;
				CLANG_WARN_BOOL_CONVERSION = YES;
				CLANG_WARN_COMMA = YES;
				CLANG_WARN_CONSTANT_CONVERSION = YES;
				CLANG_WARN_DEPRECATED_OBJC_IMPLEMENTATIONS = YES;
				CLANG_WARN_DIRECT_OBJC_ISA_USAGE = YES_ERROR;
				CLANG_WARN_DOCUMENTATION_COMMENTS = YES;
				CLANG_WARN_EMPTY_BODY = YES;
				CLANG_WARN_ENUM_CONVERSION = YES;
				CLANG_WARN_INFINITE_RECURSION = YES;
				CLANG_WARN_INT_CONVERSION = YES;
				CLANG_WARN_NON_LITERAL_NULL_CONVERSION = YES;
				CLANG_WARN_OBJC_IMPLICIT_RETAIN_SELF = YES;
				CLANG_WARN_OBJC_LITERAL_CONVERSION = YES;
				CLANG_WARN_OBJC_ROOT_CLASS = YES_ERROR;
				CLANG_WARN_QUOTED_INCLUDE_IN_FRAMEWORK_HEADER = YES;
				CLANG_WARN_RANGE_LOOP_ANALYSIS = YES;
				CLANG_WARN_STRICT_PROTOTYPES = YES;
				CLANG_WARN_SUSPICIOUS_MOVE = YES;
				CLANG_WARN_UNGUARDED_AVAILABILITY = YES_AGGRESSIVE;
				CLANG_WARN_UNREACHABLE_CODE = YES;
				CLANG_WARN__DUPLICATE_METHOD_MATCH = YES;
				COPY_PHASE_STRIP = NO;
				DEBUG_INFORMATION_FORMAT = "dwarf-with-dsym";
				ENABLE_NS_ASSERTIONS = NO;
				ENABLE_STRICT_OBJC_MSGSEND = YES;
				GCC_C_LANGUAGE_STANDARD = gnu11;
				GCC_NO_COMMON_BLOCKS = YES;
				GCC_WARN_64_TO_32_BIT_CONVERSION = YES;
				GCC_WARN_ABOUT_RETURN_TYPE = YES_ERROR;
				GCC_WARN_UNDECLARED_SELECTOR = YES;
				GCC_WARN_UNINITIALIZED_AUTOS = YES_AGGRESSIVE;
				GCC_WARN_UNUSED_FUNCTION = YES;
				GCC_WARN_UNUSED_VARIABLE = YES;
				IPHONEOS_DEPLOYMENT_TARGET = 16.4;
				MTL_ENABLE_DEBUG_INFO = NO;
				MTL_FAST_MATH = YES;
				SDKROOT = iphoneos;
				SWIFT_COMPILATION_MODE = wholemodule;
				SWIFT_OPTIMIZATION_LEVEL = "-O";
				VALIDATE_PRODUCT = YES;
			};
			name = Release;
		};
		47B5A5132AF1776700C16F16 /* Debug */ = {
			isa = XCBuildConfiguration;
			buildSettings = {
				ASSETCATALOG_COMPILER_APPICON_NAME = AppIcon;
				ASSETCATALOG_COMPILER_GLOBAL_ACCENT_COLOR_NAME = AccentColor;
				CODE_SIGN_STYLE = Automatic;
				CURRENT_PROJECT_VERSION = 1;
				DEVELOPMENT_TEAM = RU3RNA4D23;
				GENERATE_INFOPLIST_FILE = YES;
				INFOPLIST_FILE = "Fetch-Recipe-Takehome/Info.plist";
				INFOPLIST_KEY_UIApplicationSupportsIndirectInputEvents = YES;
				INFOPLIST_KEY_UILaunchStoryboardName = LaunchScreen;
				INFOPLIST_KEY_UIMainStoryboardFile = Main;
				INFOPLIST_KEY_UISupportedInterfaceOrientations_iPad = "UIInterfaceOrientationPortrait UIInterfaceOrientationPortraitUpsideDown UIInterfaceOrientationLandscapeLeft UIInterfaceOrientationLandscapeRight";
				INFOPLIST_KEY_UISupportedInterfaceOrientations_iPhone = "UIInterfaceOrientationPortrait UIInterfaceOrientationLandscapeLeft UIInterfaceOrientationLandscapeRight";
				LD_RUNPATH_SEARCH_PATHS = (
					"$(inherited)",
					"@executable_path/Frameworks",
				);
				MARKETING_VERSION = 1.0;
				PRODUCT_BUNDLE_IDENTIFIER = "Ira-Einbinder.Fetch-Recipe-Takehome";
				PRODUCT_NAME = "$(TARGET_NAME)";
				SWIFT_EMIT_LOC_STRINGS = YES;
				SWIFT_VERSION = 5.0;
				TARGETED_DEVICE_FAMILY = "1,2";
			};
			name = Debug;
		};
		47B5A5142AF1776700C16F16 /* Release */ = {
			isa = XCBuildConfiguration;
			buildSettings = {
				ASSETCATALOG_COMPILER_APPICON_NAME = AppIcon;
				ASSETCATALOG_COMPILER_GLOBAL_ACCENT_COLOR_NAME = AccentColor;
				CODE_SIGN_STYLE = Automatic;
				CURRENT_PROJECT_VERSION = 1;
				DEVELOPMENT_TEAM = RU3RNA4D23;
				GENERATE_INFOPLIST_FILE = YES;
				INFOPLIST_FILE = "Fetch-Recipe-Takehome/Info.plist";
				INFOPLIST_KEY_UIApplicationSupportsIndirectInputEvents = YES;
				INFOPLIST_KEY_UILaunchStoryboardName = LaunchScreen;
				INFOPLIST_KEY_UIMainStoryboardFile = Main;
				INFOPLIST_KEY_UISupportedInterfaceOrientations_iPad = "UIInterfaceOrientationPortrait UIInterfaceOrientationPortraitUpsideDown UIInterfaceOrientationLandscapeLeft UIInterfaceOrientationLandscapeRight";
				INFOPLIST_KEY_UISupportedInterfaceOrientations_iPhone = "UIInterfaceOrientationPortrait UIInterfaceOrientationLandscapeLeft UIInterfaceOrientationLandscapeRight";
				LD_RUNPATH_SEARCH_PATHS = (
					"$(inherited)",
					"@executable_path/Frameworks",
				);
				MARKETING_VERSION = 1.0;
				PRODUCT_BUNDLE_IDENTIFIER = "Ira-Einbinder.Fetch-Recipe-Takehome";
				PRODUCT_NAME = "$(TARGET_NAME)";
				SWIFT_EMIT_LOC_STRINGS = YES;
				SWIFT_VERSION = 5.0;
				TARGETED_DEVICE_FAMILY = "1,2";
			};
			name = Release;
		};
		47B5A5162AF1776700C16F16 /* Debug */ = {
			isa = XCBuildConfiguration;
			buildSettings = {
				ALWAYS_EMBED_SWIFT_STANDARD_LIBRARIES = YES;
				BUNDLE_LOADER = "$(TEST_HOST)";
				CODE_SIGN_STYLE = Automatic;
				CURRENT_PROJECT_VERSION = 1;
				DEVELOPMENT_TEAM = RU3RNA4D23;
				GENERATE_INFOPLIST_FILE = YES;
				IPHONEOS_DEPLOYMENT_TARGET = 16.4;
				MARKETING_VERSION = 1.0;
				PRODUCT_BUNDLE_IDENTIFIER = "Ira-Einbinder.Fetch-Recipe-TakehomeTests";
				PRODUCT_NAME = "$(TARGET_NAME)";
				SWIFT_EMIT_LOC_STRINGS = NO;
				SWIFT_VERSION = 5.0;
				TARGETED_DEVICE_FAMILY = "1,2";
				TEST_HOST = "$(BUILT_PRODUCTS_DIR)/Fetch-Recipe-Takehome.app/$(BUNDLE_EXECUTABLE_FOLDER_PATH)/Fetch-Recipe-Takehome";
			};
			name = Debug;
		};
		47B5A5172AF1776700C16F16 /* Release */ = {
			isa = XCBuildConfiguration;
			buildSettings = {
				ALWAYS_EMBED_SWIFT_STANDARD_LIBRARIES = YES;
				BUNDLE_LOADER = "$(TEST_HOST)";
				CODE_SIGN_STYLE = Automatic;
				CURRENT_PROJECT_VERSION = 1;
				DEVELOPMENT_TEAM = RU3RNA4D23;
				GENERATE_INFOPLIST_FILE = YES;
				IPHONEOS_DEPLOYMENT_TARGET = 16.4;
				MARKETING_VERSION = 1.0;
				PRODUCT_BUNDLE_IDENTIFIER = "Ira-Einbinder.Fetch-Recipe-TakehomeTests";
				PRODUCT_NAME = "$(TARGET_NAME)";
				SWIFT_EMIT_LOC_STRINGS = NO;
				SWIFT_VERSION = 5.0;
				TARGETED_DEVICE_FAMILY = "1,2";
				TEST_HOST = "$(BUILT_PRODUCTS_DIR)/Fetch-Recipe-Takehome.app/$(BUNDLE_EXECUTABLE_FOLDER_PATH)/Fetch-Recipe-Takehome";
			};
			name = Release;
		};
		47B5A5192AF1776700C16F16 /* Debug */ = {
			isa = XCBuildConfiguration;
			buildSettings = {
				ALWAYS_EMBED_SWIFT_STANDARD_LIBRARIES = YES;
				CODE_SIGN_STYLE = Automatic;
				CURRENT_PROJECT_VERSION = 1;
				DEVELOPMENT_TEAM = RU3RNA4D23;
				GENERATE_INFOPLIST_FILE = YES;
				MARKETING_VERSION = 1.0;
				PRODUCT_BUNDLE_IDENTIFIER = "Ira-Einbinder.Fetch-Recipe-TakehomeUITests";
				PRODUCT_NAME = "$(TARGET_NAME)";
				SWIFT_EMIT_LOC_STRINGS = NO;
				SWIFT_VERSION = 5.0;
				TARGETED_DEVICE_FAMILY = "1,2";
				TEST_TARGET_NAME = "Fetch-Recipe-Takehome";
			};
			name = Debug;
		};
		47B5A51A2AF1776700C16F16 /* Release */ = {
			isa = XCBuildConfiguration;
			buildSettings = {
				ALWAYS_EMBED_SWIFT_STANDARD_LIBRARIES = YES;
				CODE_SIGN_STYLE = Automatic;
				CURRENT_PROJECT_VERSION = 1;
				DEVELOPMENT_TEAM = RU3RNA4D23;
				GENERATE_INFOPLIST_FILE = YES;
				MARKETING_VERSION = 1.0;
				PRODUCT_BUNDLE_IDENTIFIER = "Ira-Einbinder.Fetch-Recipe-TakehomeUITests";
				PRODUCT_NAME = "$(TARGET_NAME)";
				SWIFT_EMIT_LOC_STRINGS = NO;
				SWIFT_VERSION = 5.0;
				TARGETED_DEVICE_FAMILY = "1,2";
				TEST_TARGET_NAME = "Fetch-Recipe-Takehome";
			};
			name = Release;
		};
/* End XCBuildConfiguration section */

/* Begin XCConfigurationList section */
		47B5A4E32AF1776500C16F16 /* Build configuration list for PBXProject "Fetch-Recipe-Takehome" */ = {
			isa = XCConfigurationList;
			buildConfigurations = (
				47B5A5102AF1776700C16F16 /* Debug */,
				47B5A5112AF1776700C16F16 /* Release */,
			);
			defaultConfigurationIsVisible = 0;
			defaultConfigurationName = Release;
		};
		47B5A5122AF1776700C16F16 /* Build configuration list for PBXNativeTarget "Fetch-Recipe-Takehome" */ = {
			isa = XCConfigurationList;
			buildConfigurations = (
				47B5A5132AF1776700C16F16 /* Debug */,
				47B5A5142AF1776700C16F16 /* Release */,
			);
			defaultConfigurationIsVisible = 0;
			defaultConfigurationName = Release;
		};
		47B5A5152AF1776700C16F16 /* Build configuration list for PBXNativeTarget "Fetch-Recipe-TakehomeTests" */ = {
			isa = XCConfigurationList;
			buildConfigurations = (
				47B5A5162AF1776700C16F16 /* Debug */,
				47B5A5172AF1776700C16F16 /* Release */,
			);
			defaultConfigurationIsVisible = 0;
			defaultConfigurationName = Release;
		};
		47B5A5182AF1776700C16F16 /* Build configuration list for PBXNativeTarget "Fetch-Recipe-TakehomeUITests" */ = {
			isa = XCConfigurationList;
			buildConfigurations = (
				47B5A5192AF1776700C16F16 /* Debug */,
				47B5A51A2AF1776700C16F16 /* Release */,
			);
			defaultConfigurationIsVisible = 0;
			defaultConfigurationName = Release;
		};
/* End XCConfigurationList section */

/* Begin XCRemoteSwiftPackageReference section */
		47B5A5222AF1796C00C16F16 /* XCRemoteSwiftPackageReference "SnapKit" */ = {
			isa = XCRemoteSwiftPackageReference;
			repositoryURL = "https://github.com/SnapKit/SnapKit";
			requirement = {
				kind = upToNextMajorVersion;
				minimumVersion = 5.0.0;
			};
		};
		47B5A5792AF2EBCE00C16F16 /* XCRemoteSwiftPackageReference "Alamofire" */ = {
			isa = XCRemoteSwiftPackageReference;
			repositoryURL = "https://github.com/Alamofire/Alamofire";
			requirement = {
				kind = upToNextMajorVersion;
				minimumVersion = 5.0.0;
			};
		};
/* End XCRemoteSwiftPackageReference section */

/* Begin XCSwiftPackageProductDependency section */
		47B5A5232AF1796C00C16F16 /* SnapKit */ = {
			isa = XCSwiftPackageProductDependency;
			package = 47B5A5222AF1796C00C16F16 /* XCRemoteSwiftPackageReference "SnapKit" */;
			productName = SnapKit;
		};
		47B5A57A2AF2EBCE00C16F16 /* Alamofire */ = {
			isa = XCSwiftPackageProductDependency;
			package = 47B5A5792AF2EBCE00C16F16 /* XCRemoteSwiftPackageReference "Alamofire" */;
			productName = Alamofire;
		};
/* End XCSwiftPackageProductDependency section */
	};
	rootObject = 47B5A4E02AF1776500C16F16 /* Project object */;
}
